// !$*UTF8*$!
{
	archiveVersion = 1;
	classes = {
	};
	objectVersion = 46;
	objects = {

/* Begin PBXBuildFile section */
		36F00D141C812E560099F0D3 /* main.m in Sources */ = {isa = PBXBuildFile; fileRef = 36F00D131C812E560099F0D3 /* main.m */; };
		36F00D171C812E560099F0D3 /* AppDelegate.m in Sources */ = {isa = PBXBuildFile; fileRef = 36F00D161C812E560099F0D3 /* AppDelegate.m */; };
		36F00D1A1C812E560099F0D3 /* ViewController.m in Sources */ = {isa = PBXBuildFile; fileRef = 36F00D191C812E560099F0D3 /* ViewController.m */; };
		36F00D1D1C812E560099F0D3 /* Main.storyboard in Resources */ = {isa = PBXBuildFile; fileRef = 36F00D1B1C812E560099F0D3 /* Main.storyboard */; };
		36F00D1F1C812E560099F0D3 /* Assets.xcassets in Resources */ = {isa = PBXBuildFile; fileRef = 36F00D1E1C812E560099F0D3 /* Assets.xcassets */; };
		36F00D221C812E560099F0D3 /* LaunchScreen.storyboard in Resources */ = {isa = PBXBuildFile; fileRef = 36F00D201C812E560099F0D3 /* LaunchScreen.storyboard */; };
		36F00D2D1C812E560099F0D3 /* _________Tests.m in Sources */ = {isa = PBXBuildFile; fileRef = 36F00D2C1C812E560099F0D3 /* _________Tests.m */; };
		36F00D381C812E560099F0D3 /* _________UITests.m in Sources */ = {isa = PBXBuildFile; fileRef = 36F00D371C812E560099F0D3 /* _________UITests.m */; };
/* End PBXBuildFile section */

/* Begin PBXContainerItemProxy section */
		36F00D291C812E560099F0D3 /* PBXContainerItemProxy */ = {
			isa = PBXContainerItemProxy;
			containerPortal = 36F00D071C812E560099F0D3 /* Project object */;
			proxyType = 1;
			remoteGlobalIDString = 36F00D0E1C812E560099F0D3;
			remoteInfo = "蓄电池状态检测系统";
		};
		36F00D341C812E560099F0D3 /* PBXContainerItemProxy */ = {
			isa = PBXContainerItemProxy;
			containerPortal = 36F00D071C812E560099F0D3 /* Project object */;
			proxyType = 1;
			remoteGlobalIDString = 36F00D0E1C812E560099F0D3;
			remoteInfo = "蓄电池状态检测系统";
		};
/* End PBXContainerItemProxy section */

/* Begin PBXFileReference section */
		36F00D0F1C812E560099F0D3 /* 蓄电池状态检测系统.app */ = {isa = PBXFileReference; explicitFileType = wrapper.application; includeInIndex = 0; path = "蓄电池状态检测系统.app"; sourceTree = BUILT_PRODUCTS_DIR; };
		36F00D131C812E560099F0D3 /* main.m */ = {isa = PBXFileReference; lastKnownFileType = sourcecode.c.objc; path = main.m; sourceTree = "<group>"; };
		36F00D151C812E560099F0D3 /* AppDelegate.h */ = {isa = PBXFileReference; lastKnownFileType = sourcecode.c.h; path = AppDelegate.h; sourceTree = "<group>"; };
		36F00D161C812E560099F0D3 /* AppDelegate.m */ = {isa = PBXFileReference; lastKnownFileType = sourcecode.c.objc; path = AppDelegate.m; sourceTree = "<group>"; };
		36F00D181C812E560099F0D3 /* ViewController.h */ = {isa = PBXFileReference; lastKnownFileType = sourcecode.c.h; path = ViewController.h; sourceTree = "<group>"; };
		36F00D191C812E560099F0D3 /* ViewController.m */ = {isa = PBXFileReference; lastKnownFileType = sourcecode.c.objc; path = ViewController.m; sourceTree = "<group>"; };
		36F00D1C1C812E560099F0D3 /* Base */ = {isa = PBXFileReference; lastKnownFileType = file.storyboard; name = Base; path = Base.lproj/Main.storyboard; sourceTree = "<group>"; };
		36F00D1E1C812E560099F0D3 /* Assets.xcassets */ = {isa = PBXFileReference; lastKnownFileType = folder.assetcatalog; path = Assets.xcassets; sourceTree = "<group>"; };
		36F00D211C812E560099F0D3 /* Base */ = {isa = PBXFileReference; lastKnownFileType = file.storyboard; name = Base; path = Base.lproj/LaunchScreen.storyboard; sourceTree = "<group>"; };
		36F00D231C812E560099F0D3 /* Info.plist */ = {isa = PBXFileReference; lastKnownFileType = text.plist.xml; path = Info.plist; sourceTree = "<group>"; };
		36F00D281C812E560099F0D3 /* 蓄电池状态检测系统Tests.xctest */ = {isa = PBXFileReference; explicitFileType = wrapper.cfbundle; includeInIndex = 0; path = "蓄电池状态检测系统Tests.xctest"; sourceTree = BUILT_PRODUCTS_DIR; };
		36F00D2C1C812E560099F0D3 /* _________Tests.m */ = {isa = PBXFileReference; lastKnownFileType = sourcecode.c.objc; path = "_________Tests.m"; sourceTree = "<group>"; };
		36F00D2E1C812E560099F0D3 /* Info.plist */ = {isa = PBXFileReference; lastKnownFileType = text.plist.xml; path = Info.plist; sourceTree = "<group>"; };
		36F00D331C812E560099F0D3 /* 蓄电池状态检测系统UITests.xctest */ = {isa = PBXFileReference; explicitFileType = wrapper.cfbundle; includeInIndex = 0; path = "蓄电池状态检测系统UITests.xctest"; sourceTree = BUILT_PRODUCTS_DIR; };
		36F00D371C812E560099F0D3 /* _________UITests.m */ = {isa = PBXFileReference; lastKnownFileType = sourcecode.c.objc; path = "_________UITests.m"; sourceTree = "<group>"; };
		36F00D391C812E570099F0D3 /* Info.plist */ = {isa = PBXFileReference; lastKnownFileType = text.plist.xml; path = Info.plist; sourceTree = "<group>"; };
/* End PBXFileReference section */

/* Begin PBXFrameworksBuildPhase section */
		36F00D0C1C812E560099F0D3 /* Frameworks */ = {
			isa = PBXFrameworksBuildPhase;
			buildActionMask = 2147483647;
			files = (
			);
			runOnlyForDeploymentPostprocessing = 0;
		};
		36F00D251C812E560099F0D3 /* Frameworks */ = {
			isa = PBXFrameworksBuildPhase;
			buildActionMask = 2147483647;
			files = (
			);
			runOnlyForDeploymentPostprocessing = 0;
		};
		36F00D301C812E560099F0D3 /* Frameworks */ = {
			isa = PBXFrameworksBuildPhase;
			buildActionMask = 2147483647;
			files = (
			);
			runOnlyForDeploymentPostprocessing = 0;
		};
/* End PBXFrameworksBuildPhase section */

/* Begin PBXGroup section */
		36F00D061C812E560099F0D3 = {
			isa = PBXGroup;
			children = (
				36F00D111C812E560099F0D3 /* 蓄电池状态检测系统 */,
				36F00D2B1C812E560099F0D3 /* 蓄电池状态检测系统Tests */,
				36F00D361C812E560099F0D3 /* 蓄电池状态检测系统UITests */,
				36F00D101C812E560099F0D3 /* Products */,
			);
			sourceTree = "<group>";
		};
		36F00D101C812E560099F0D3 /* Products */ = {
			isa = PBXGroup;
			children = (
				36F00D0F1C812E560099F0D3 /* 蓄电池状态检测系统.app */,
				36F00D281C812E560099F0D3 /* 蓄电池状态检测系统Tests.xctest */,
				36F00D331C812E560099F0D3 /* 蓄电池状态检测系统UITests.xctest */,
			);
			name = Products;
			sourceTree = "<group>";
		};
		36F00D111C812E560099F0D3 /* 蓄电池状态检测系统 */ = {
			isa = PBXGroup;
			children = (
				36F00D151C812E560099F0D3 /* AppDelegate.h */,
				36F00D161C812E560099F0D3 /* AppDelegate.m */,
				36F00D181C812E560099F0D3 /* ViewController.h */,
				36F00D191C812E560099F0D3 /* ViewController.m */,
				36F00D1B1C812E560099F0D3 /* Main.storyboard */,
				36F00D1E1C812E560099F0D3 /* Assets.xcassets */,
				36F00D201C812E560099F0D3 /* LaunchScreen.storyboard */,
				36F00D231C812E560099F0D3 /* Info.plist */,
				36F00D121C812E560099F0D3 /* Supporting Files */,
			);
			path = "蓄电池状态检测系统";
			sourceTree = "<group>";
		};
		36F00D121C812E560099F0D3 /* Supporting Files */ = {
			isa = PBXGroup;
			children = (
				36F00D131C812E560099F0D3 /* main.m */,
			);
			name = "Supporting Files";
			sourceTree = "<group>";
		};
		36F00D2B1C812E560099F0D3 /* 蓄电池状态检测系统Tests */ = {
			isa = PBXGroup;
			children = (
				36F00D2C1C812E560099F0D3 /* _________Tests.m */,
				36F00D2E1C812E560099F0D3 /* Info.plist */,
			);
			path = "蓄电池状态检测系统Tests";
			sourceTree = "<group>";
		};
		36F00D361C812E560099F0D3 /* 蓄电池状态检测系统UITests */ = {
			isa = PBXGroup;
			children = (
				36F00D371C812E560099F0D3 /* _________UITests.m */,
				36F00D391C812E570099F0D3 /* Info.plist */,
			);
			path = "蓄电池状态检测系统UITests";
			sourceTree = "<group>";
		};
/* End PBXGroup section */

/* Begin PBXNativeTarget section */
		36F00D0E1C812E560099F0D3 /* 蓄电池状态检测系统 */ = {
			isa = PBXNativeTarget;
			buildConfigurationList = 36F00D3C1C812E570099F0D3 /* Build configuration list for PBXNativeTarget "蓄电池状态检测系统" */;
			buildPhases = (
				36F00D0B1C812E560099F0D3 /* Sources */,
				36F00D0C1C812E560099F0D3 /* Frameworks */,
				36F00D0D1C812E560099F0D3 /* Resources */,
			);
			buildRules = (
			);
			dependencies = (
			);
			name = "蓄电池状态检测系统";
			productName = "蓄电池状态检测系统";
			productReference = 36F00D0F1C812E560099F0D3 /* 蓄电池状态检测系统.app */;
			productType = "com.apple.product-type.application";
		};
		36F00D271C812E560099F0D3 /* 蓄电池状态检测系统Tests */ = {
			isa = PBXNativeTarget;
			buildConfigurationList = 36F00D3F1C812E570099F0D3 /* Build configuration list for PBXNativeTarget "蓄电池状态检测系统Tests" */;
			buildPhases = (
				36F00D241C812E560099F0D3 /* Sources */,
				36F00D251C812E560099F0D3 /* Frameworks */,
				36F00D261C812E560099F0D3 /* Resources */,
			);
			buildRules = (
			);
			dependencies = (
				36F00D2A1C812E560099F0D3 /* PBXTargetDependency */,
			);
			name = "蓄电池状态检测系统Tests";
			productName = "蓄电池状态检测系统Tests";
			productReference = 36F00D281C812E560099F0D3 /* 蓄电池状态检测系统Tests.xctest */;
			productType = "com.apple.product-type.bundle.unit-test";
		};
		36F00D321C812E560099F0D3 /* 蓄电池状态检测系统UITests */ = {
			isa = PBXNativeTarget;
			buildConfigurationList = 36F00D421C812E570099F0D3 /* Build configuration list for PBXNativeTarget "蓄电池状态检测系统UITests" */;
			buildPhases = (
				36F00D2F1C812E560099F0D3 /* Sources */,
				36F00D301C812E560099F0D3 /* Frameworks */,
				36F00D311C812E560099F0D3 /* Resources */,
			);
			buildRules = (
			);
			dependencies = (
				36F00D351C812E560099F0D3 /* PBXTargetDependency */,
			);
			name = "蓄电池状态检测系统UITests";
			productName = "蓄电池状态检测系统UITests";
			productReference = 36F00D331C812E560099F0D3 /* 蓄电池状态检测系统UITests.xctest */;
			productType = "com.apple.product-type.bundle.ui-testing";
		};
/* End PBXNativeTarget section */

/* Begin PBXProject section */
		36F00D071C812E560099F0D3 /* Project object */ = {
			isa = PBXProject;
			attributes = {
				LastUpgradeCheck = 0720;
				ORGANIZATIONNAME = "张天";
				TargetAttributes = {
					36F00D0E1C812E560099F0D3 = {
						CreatedOnToolsVersion = 7.2;
					};
					36F00D271C812E560099F0D3 = {
						CreatedOnToolsVersion = 7.2;
						TestTargetID = 36F00D0E1C812E560099F0D3;
					};
					36F00D321C812E560099F0D3 = {
						CreatedOnToolsVersion = 7.2;
						TestTargetID = 36F00D0E1C812E560099F0D3;
					};
				};
			};
			buildConfigurationList = 36F00D0A1C812E560099F0D3 /* Build configuration list for PBXProject "蓄电池状态检测系统" */;
			compatibilityVersion = "Xcode 3.2";
			developmentRegion = English;
			hasScannedForEncodings = 0;
			knownRegions = (
				en,
				Base,
			);
			mainGroup = 36F00D061C812E560099F0D3;
			productRefGroup = 36F00D101C812E560099F0D3 /* Products */;
			projectDirPath = "";
			projectRoot = "";
			targets = (
				36F00D0E1C812E560099F0D3 /* 蓄电池状态检测系统 */,
				36F00D271C812E560099F0D3 /* 蓄电池状态检测系统Tests */,
				36F00D321C812E560099F0D3 /* 蓄电池状态检测系统UITests */,
			);
		};
/* End PBXProject section */

/* Begin PBXResourcesBuildPhase section */
		36F00D0D1C812E560099F0D3 /* Resources */ = {
			isa = PBXResourcesBuildPhase;
			buildActionMask = 2147483647;
			files = (
				36F00D221C812E560099F0D3 /* LaunchScreen.storyboard in Resources */,
				36F00D1F1C812E560099F0D3 /* Assets.xcassets in Resources */,
				36F00D1D1C812E560099F0D3 /* Main.storyboard in Resources */,
			);
			runOnlyForDeploymentPostprocessing = 0;
		};
		36F00D261C812E560099F0D3 /* Resources */ = {
			isa = PBXResourcesBuildPhase;
			buildActionMask = 2147483647;
			files = (
			);
			runOnlyForDeploymentPostprocessing = 0;
		};
		36F00D311C812E560099F0D3 /* Resources */ = {
			isa = PBXResourcesBuildPhase;
			buildActionMask = 2147483647;
			files = (
			);
			runOnlyForDeploymentPostprocessing = 0;
		};
/* End PBXResourcesBuildPhase section */

/* Begin PBXSourcesBuildPhase section */
		36F00D0B1C812E560099F0D3 /* Sources */ = {
			isa = PBXSourcesBuildPhase;
			buildActionMask = 2147483647;
			files = (
				36F00D1A1C812E560099F0D3 /* ViewController.m in Sources */,
				36F00D171C812E560099F0D3 /* AppDelegate.m in Sources */,
				36F00D141C812E560099F0D3 /* main.m in Sources */,
			);
			runOnlyForDeploymentPostprocessing = 0;
		};
		36F00D241C812E560099F0D3 /* Sources */ = {
			isa = PBXSourcesBuildPhase;
			buildActionMask = 2147483647;
			files = (
				36F00D2D1C812E560099F0D3 /* _________Tests.m in Sources */,
			);
			runOnlyForDeploymentPostprocessing = 0;
		};
		36F00D2F1C812E560099F0D3 /* Sources */ = {
			isa = PBXSourcesBuildPhase;
			buildActionMask = 2147483647;
			files = (
				36F00D381C812E560099F0D3 /* _________UITests.m in Sources */,
			);
			runOnlyForDeploymentPostprocessing = 0;
		};
/* End PBXSourcesBuildPhase section */

/* Begin PBXTargetDependency section */
		36F00D2A1C812E560099F0D3 /* PBXTargetDependency */ = {
			isa = PBXTargetDependency;
			target = 36F00D0E1C812E560099F0D3 /* 蓄电池状态检测系统 */;
			targetProxy = 36F00D291C812E560099F0D3 /* PBXContainerItemProxy */;
		};
		36F00D351C812E560099F0D3 /* PBXTargetDependency */ = {
			isa = PBXTargetDependency;
			target = 36F00D0E1C812E560099F0D3 /* 蓄电池状态检测系统 */;
			targetProxy = 36F00D341C812E560099F0D3 /* PBXContainerItemProxy */;
		};
/* End PBXTargetDependency section */

/* Begin PBXVariantGroup section */
		36F00D1B1C812E560099F0D3 /* Main.storyboard */ = {
			isa = PBXVariantGroup;
			children = (
				36F00D1C1C812E560099F0D3 /* Base */,
			);
			name = Main.storyboard;
			sourceTree = "<group>";
		};
		36F00D201C812E560099F0D3 /* LaunchScreen.storyboard */ = {
			isa = PBXVariantGroup;
			children = (
				36F00D211C812E560099F0D3 /* Base */,
			);
			name = LaunchScreen.storyboard;
			sourceTree = "<group>";
		};
/* End PBXVariantGroup section */

/* Begin XCBuildConfiguration section */
		36F00D3A1C812E570099F0D3 /* Debug */ = {
			isa = XCBuildConfiguration;
			buildSettings = {
				ALWAYS_SEARCH_USER_PATHS = NO;
				CLANG_CXX_LANGUAGE_STANDARD = "gnu++0x";
				CLANG_CXX_LIBRARY = "libc++";
				CLANG_ENABLE_MODULES = YES;
				CLANG_ENABLE_OBJC_ARC = YES;
				CLANG_WARN_BOOL_CONVERSION = YES;
				CLANG_WARN_CONSTANT_CONVERSION = YES;
				CLANG_WARN_DIRECT_OBJC_ISA_USAGE = YES_ERROR;
				CLANG_WARN_EMPTY_BODY = YES;
				CLANG_WARN_ENUM_CONVERSION = YES;
				CLANG_WARN_INT_CONVERSION = YES;
				CLANG_WARN_OBJC_ROOT_CLASS = YES_ERROR;
				CLANG_WARN_UNREACHABLE_CODE = YES;
				CLANG_WARN__DUPLICATE_METHOD_MATCH = YES;
				"CODE_SIGN_IDENTITY[sdk=iphoneos*]" = "iPhone Developer";
				COPY_PHASE_STRIP = NO;
				DEBUG_INFORMATION_FORMAT = dwarf;
				ENABLE_STRICT_OBJC_MSGSEND = YES;
				ENABLE_TESTABILITY = YES;
				GCC_C_LANGUAGE_STANDARD = gnu99;
				GCC_DYNAMIC_NO_PIC = NO;
				GCC_NO_COMMON_BLOCKS = YES;
				GCC_OPTIMIZATION_LEVEL = 0;
				GCC_PREPROCESSOR_DEFINITIONS = (
					"DEBUG=1",
					"$(inherited)",
				);
				GCC_WARN_64_TO_32_BIT_CONVERSION = YES;
				GCC_WARN_ABOUT_RETURN_TYPE = YES_ERROR;
				GCC_WARN_UNDECLARED_SELECTOR = YES;
				GCC_WARN_UNINITIALIZED_AUTOS = YES_AGGRESSIVE;
				GCC_WARN_UNUSED_FUNCTION = YES;
				GCC_WARN_UNUSED_VARIABLE = YES;
				IPHONEOS_DEPLOYMENT_TARGET = 9.2;
				MTL_ENABLE_DEBUG_INFO = YES;
				ONLY_ACTIVE_ARCH = YES;
				SDKROOT = iphoneos;
			};
			name = Debug;
		};
		36F00D3B1C812E570099F0D3 /* Release */ = {
			isa = XCBuildConfiguration;
			buildSettings = {
				ALWAYS_SEARCH_USER_PATHS = NO;
				CLANG_CXX_LANGUAGE_STANDARD = "gnu++0x";
				CLANG_CXX_LIBRARY = "libc++";
				CLANG_ENABLE_MODULES = YES;
				CLANG_ENABLE_OBJC_ARC = YES;
				CLANG_WARN_BOOL_CONVERSION = YES;
				CLANG_WARN_CONSTANT_CONVERSION = YES;
				CLANG_WARN_DIRECT_OBJC_ISA_USAGE = YES_ERROR;
				CLANG_WARN_EMPTY_BODY = YES;
				CLANG_WARN_ENUM_CONVERSION = YES;
				CLANG_WARN_INT_CONVERSION = YES;
				CLANG_WARN_OBJC_ROOT_CLASS = YES_ERROR;
				CLANG_WARN_UNREACHABLE_CODE = YES;
				CLANG_WARN__DUPLICATE_METHOD_MATCH = YES;
				"CODE_SIGN_IDENTITY[sdk=iphoneos*]" = "iPhone Developer";
				COPY_PHASE_STRIP = NO;
				DEBUG_INFORMATION_FORMAT = "dwarf-with-dsym";
				ENABLE_NS_ASSERTIONS = NO;
				ENABLE_STRICT_OBJC_MSGSEND = YES;
				GCC_C_LANGUAGE_STANDARD = gnu99;
				GCC_NO_COMMON_BLOCKS = YES;
				GCC_WARN_64_TO_32_BIT_CONVERSION = YES;
				GCC_WARN_ABOUT_RETURN_TYPE = YES_ERROR;
				GCC_WARN_UNDECLARED_SELECTOR = YES;
				GCC_WARN_UNINITIALIZED_AUTOS = YES_AGGRESSIVE;
				GCC_WARN_UNUSED_FUNCTION = YES;
				GCC_WARN_UNUSED_VARIABLE = YES;
				IPHONEOS_DEPLOYMENT_TARGET = 9.2;
				MTL_ENABLE_DEBUG_INFO = NO;
				SDKROOT = iphoneos;
				VALIDATE_PRODUCT = YES;
			};
			name = Release;
		};
		36F00D3D1C812E570099F0D3 /* Debug */ = {
			isa = XCBuildConfiguration;
			buildSettings = {
				ASSETCATALOG_COMPILER_APPICON_NAME = AppIcon;
				INFOPLIST_FILE = "蓄电池状态检测系统/Info.plist";
				LD_RUNPATH_SEARCH_PATHS = "$(inherited) @executable_path/Frameworks";
				PRODUCT_BUNDLE_IDENTIFIER = "edu.self.---------";
				PRODUCT_NAME = "$(TARGET_NAME)";
			};
			name = Debug;
		};
		36F00D3E1C812E570099F0D3 /* Release */ = {
			isa = XCBuildConfiguration;
			buildSettings = {
				ASSETCATALOG_COMPILER_APPICON_NAME = AppIcon;
				INFOPLIST_FILE = "蓄电池状态检测系统/Info.plist";
				LD_RUNPATH_SEARCH_PATHS = "$(inherited) @executable_path/Frameworks";
				PRODUCT_BUNDLE_IDENTIFIER = "edu.self.---------";
				PRODUCT_NAME = "$(TARGET_NAME)";
			};
			name = Release;
		};
		36F00D401C812E570099F0D3 /* Debug */ = {
			isa = XCBuildConfiguration;
			buildSettings = {
				BUNDLE_LOADER = "$(TEST_HOST)";
				INFOPLIST_FILE = "蓄电池状态检测系统Tests/Info.plist";
				LD_RUNPATH_SEARCH_PATHS = "$(inherited) @executable_path/Frameworks @loader_path/Frameworks";
				PRODUCT_BUNDLE_IDENTIFIER = "edu.self.---------Tests";
				PRODUCT_NAME = "$(TARGET_NAME)";
				TEST_HOST = "$(BUILT_PRODUCTS_DIR)/蓄电池状态检测系统.app/蓄电池状态检测系统";
			};
			name = Debug;
		};
		36F00D411C812E570099F0D3 /* Release */ = {
			isa = XCBuildConfiguration;
			buildSettings = {
				BUNDLE_LOADER = "$(TEST_HOST)";
				INFOPLIST_FILE = "蓄电池状态检测系统Tests/Info.plist";
				LD_RUNPATH_SEARCH_PATHS = "$(inherited) @executable_path/Frameworks @loader_path/Frameworks";
				PRODUCT_BUNDLE_IDENTIFIER = "edu.self.---------Tests";
				PRODUCT_NAME = "$(TARGET_NAME)";
				TEST_HOST = "$(BUILT_PRODUCTS_DIR)/蓄电池状态检测系统.app/蓄电池状态检测系统";
			};
			name = Release;
		};
		36F00D431C812E570099F0D3 /* Debug */ = {
			isa = XCBuildConfiguration;
			buildSettings = {
				INFOPLIST_FILE = "蓄电池状态检测系统UITests/Info.plist";
				LD_RUNPATH_SEARCH_PATHS = "$(inherited) @executable_path/Frameworks @loader_path/Frameworks";
				PRODUCT_BUNDLE_IDENTIFIER = "edu.self.---------UITests";
				PRODUCT_NAME = "$(TARGET_NAME)";
				TEST_TARGET_NAME = "蓄电池状态检测系统";
				USES_XCTRUNNER = YES;
			};
			name = Debug;
		};
		36F00D441C812E570099F0D3 /* Release */ = {
			isa = XCBuildConfiguration;
			buildSettings = {
				INFOPLIST_FILE = "蓄电池状态检测系统UITests/Info.plist";
				LD_RUNPATH_SEARCH_PATHS = "$(inherited) @executable_path/Frameworks @loader_path/Frameworks";
				PRODUCT_BUNDLE_IDENTIFIER = "edu.self.---------UITests";
				PRODUCT_NAME = "$(TARGET_NAME)";
				TEST_TARGET_NAME = "蓄电池状态检测系统";
				USES_XCTRUNNER = YES;
			};
			name = Release;
		};
/* End XCBuildConfiguration section */

/* Begin XCConfigurationList section */
		36F00D0A1C812E560099F0D3 /* Build configuration list for PBXProject "蓄电池状态检测系统" */ = {
			isa = XCConfigurationList;
			buildConfigurations = (
				36F00D3A1C812E570099F0D3 /* Debug */,
				36F00D3B1C812E570099F0D3 /* Release */,
			);
			defaultConfigurationIsVisible = 0;
			defaultConfigurationName = Release;
		};
		36F00D3C1C812E570099F0D3 /* Build configuration list for PBXNativeTarget "蓄电池状态检测系统" */ = {
			isa = XCConfigurationList;
			buildConfigurations = (
				36F00D3D1C812E570099F0D3 /* Debug */,
				36F00D3E1C812E570099F0D3 /* Release */,
			);
			defaultConfigurationIsVisible = 0;
		};
		36F00D3F1C812E570099F0D3 /* Build configuration list for PBXNativeTarget "蓄电池状态检测系统Tests" */ = {
			isa = XCConfigurationList;
			buildConfigurations = (
				36F00D401C812E570099F0D3 /* Debug */,
				36F00D411C812E570099F0D3 /* Release */,
			);
			defaultConfigurationIsVisible = 0;
		};
		36F00D421C812E570099F0D3 /* Build configuration list for PBXNativeTarget "蓄电池状态检测系统UITests" */ = {
			isa = XCConfigurationList;
			buildConfigurations = (
				36F00D431C812E570099F0D3 /* Debug */,
				36F00D441C812E570099F0D3 /* Release */,
			);
			defaultConfigurationIsVisible = 0;
		};
/* End XCConfigurationList section */
	};
	rootObject = 36F00D071C812E560099F0D3 /* Project object */;
}
